<?xml version="1.0" encoding="utf-8"?>
<Project ToolsVersion="17.0" xmlns="http://schemas.microsoft.com/developer/msbuild/2003">
  <ItemGroup>
    <ClCompile Include="C:\development\模型数据转换显示\server\skp_converter\test_converter.cpp">
      <Filter>Source Files</Filter>
    </ClCompile>
  </ItemGroup>
  <ItemGroup>
    <CustomBuild Include="C:\development\模型数据转换显示\server\skp_converter\CMakeLists.txt" />
  </ItemGroup>
  <ItemGroup>
    <Filter Include="Source Files">
      <UniqueIdentifier>{5CC137D3-5926-30B4-AFA5-D5EE69FA6C01}</UniqueIdentifier>
    </Filter>
  </ItemGroup>
</Project>
